
Microsoft Visual Studio Solution File, Format Version 12.00
# Visual Studio Version 16
VisualStudioVersion = 16.0.31112.23
MinimumVisualStudioVersion = 10.0.40219.1
Project("{2150E333-8FDC-42A3-9474-1A3956D46DE8}") = "Domain", "Domain", "{70D1D6D4-9514-467A-95E3-CEA1AA11A3E0}"
EndProject
Project("{9A19103F-16F7-4668-BE54-9A1E7A4F7556}") = "Gaming1.Domain.Models", "Gaming1.Domain.Models\Gaming1.Domain.Models.csproj", "{E6CBC665-3488-4CF4-807B-2BE0B2529791}"
EndProject
Project("{2150E333-8FDC-42A3-9474-1A3956D46DE8}") = "Application", "Application", "{9F9CEE63-3A67-47F3-AD80-AC87895A75D4}"
EndProject
Project("{9A19103F-16F7-4668-BE54-9A1E7A4F7556}") = "Gaming1.Application.Service", "Gaming1.Application.Service\Gaming1.Application.Service.csproj", "{E7165D53-598E-4989-8CB8-B719CA184D51}"
EndProject
Project("{9A19103F-16F7-4668-BE54-9A1E7A4F7556}") = "Gaming1.Application.Services.Contracts", "Gaming1.Application.Services.Contracts\Gaming1.Application.Services.Contracts.csproj", "{083C089C-4B12-4500-9218-3896DE549019}"
EndProject
Project("{9A19103F-16F7-4668-BE54-9A1E7A4F7556}") = "Gaming1.Application.Service.UnitTests", "Gaming1.Application.Service.UnitTests\Gaming1.Application.Service.UnitTests.csproj", "{DD65013F-B041-432C-A96C-6E551DF0FF38}"
EndProject
Project("{2150E333-8FDC-42A3-9474-1A3956D46DE8}") = "Infrastructure", "Infrastructure", "{381F5432-D22B-4ACB-8332-6E5CE7B07E2E}"
EndProject
Project("{9A19103F-16F7-4668-BE54-9A1E7A4F7556}") = "Gaming1.Infrastructure.Repositories", "Gaming1.Infrastructure.Repositories\Gaming1.Infrastructure.Repositories.csproj", "{A959C6AC-6BBA-407A-BB88-C9DECCBC8BD9}"
EndProject
Project("{9A19103F-16F7-4668-BE54-9A1E7A4F7556}") = "Gaming1.Infrastructure.Repositories.UnitTests", "Gaming1.Infrastructure.Repositories.UnitTests\Gaming1.Infrastructure.Repositories.UnitTests.csproj", "{A41D6973-9124-438C-84F6-8A45DE78408B}"
EndProject
Project("{2150E333-8FDC-42A3-9474-1A3956D46DE8}") = "Api", "Api", "{484A3A55-4F3E-4E7B-BA3B-0F9D3BC75A19}"
EndProject
Project("{9A19103F-16F7-4668-BE54-9A1E7A4F7556}") = "Gaming1.Api", "Gaming1.Api\Gaming1.Api.csproj", "{E47D6458-53D9-4182-B799-75E9A1A28576}"
EndProject
Project("{9A19103F-16F7-4668-BE54-9A1E7A4F7556}") = "Gaming1.Api.Contracts", "Gaming1.Api.Contracts\Gaming1.Api.Contracts.csproj", "{2C4F897A-5134-485A-B719-592B2FFB216F}"
EndProject
Project("{9A19103F-16F7-4668-BE54-9A1E7A4F7556}") = "Gaming1.Api.UnitTests", "Gaming1.Api.UnitTests\Gaming1.Api.UnitTests.csproj", "{268C60A9-D425-43A3-8DD1-C58201792E9E}"
EndProject
Project("{9A19103F-16F7-4668-BE54-9A1E7A4F7556}") = "Gaming1.Api.FunctionalTests", "Gaming1.Api.FunctionalTests\Gaming1.Api.FunctionalTests.csproj", "{75EFA064-884A-46AA-9823-8ACEC5482E55}"
EndProject
Project("{2150E333-8FDC-42A3-9474-1A3956D46DE8}") = "Tests", "Tests", "{33EFB123-ADE1-43BA-98E1-F72E857D3969}"
EndProject
Project("{9A19103F-16F7-4668-BE54-9A1E7A4F7556}") = "Gaming1.Tests.Common", "Gaming1.Tests.Common\Gaming1.Tests.Common.csproj", "{1A7E3A59-68A1-403B-B1A9-3E623B53E460}"
EndProject
Project("{2150E333-8FDC-42A3-9474-1A3956D46DE8}") = "UnitTests", "UnitTests", "{16005075-6B4F-4713-A5B4-AC51CAFAE646}"
EndProject
Project("{2150E333-8FDC-42A3-9474-1A3956D46DE8}") = "FunctionalTests", "FunctionalTests", "{A2705EAD-817F-42C6-92D4-3C4141FFF51C}"
EndProject
Project("{2150E333-8FDC-42A3-9474-1A3956D46DE8}") = "EndToEndTests", "EndToEndTests", "{31620BC3-0836-48AB-92F3-1F93EE69332A}"
EndProject
Project("{9A19103F-16F7-4668-BE54-9A1E7A4F7556}") = "Gaming1.EndToEndTests", "Gaming1.EndToEndTests\Gaming1.EndToEndTests.csproj", "{435BE945-B4BB-4988-873A-0261F3AF4F06}"
EndProject
Global
	GlobalSection(SolutionConfigurationPlatforms) = preSolution
		Debug|Any CPU = Debug|Any CPU
		Release|Any CPU = Release|Any CPU
	EndGlobalSection
	GlobalSection(ProjectConfigurationPlatforms) = postSolution
		{E6CBC665-3488-4CF4-807B-2BE0B2529791}.Debug|Any CPU.ActiveCfg = Debug|Any CPU
		{E6CBC665-3488-4CF4-807B-2BE0B2529791}.Debug|Any CPU.Build.0 = Debug|Any CPU
		{E6CBC665-3488-4CF4-807B-2BE0B2529791}.Release|Any CPU.ActiveCfg = Release|Any CPU
		{E6CBC665-3488-4CF4-807B-2BE0B2529791}.Release|Any CPU.Build.0 = Release|Any CPU
		{E7165D53-598E-4989-8CB8-B719CA184D51}.Debug|Any CPU.ActiveCfg = Debug|Any CPU
		{E7165D53-598E-4989-8CB8-B719CA184D51}.Debug|Any CPU.Build.0 = Debug|Any CPU
		{E7165D53-598E-4989-8CB8-B719CA184D51}.Release|Any CPU.ActiveCfg = Release|Any CPU
		{E7165D53-598E-4989-8CB8-B719CA184D51}.Release|Any CPU.Build.0 = Release|Any CPU
		{083C089C-4B12-4500-9218-3896DE549019}.Debug|Any CPU.ActiveCfg = Debug|Any CPU
		{083C089C-4B12-4500-9218-3896DE549019}.Debug|Any CPU.Build.0 = Debug|Any CPU
		{083C089C-4B12-4500-9218-3896DE549019}.Release|Any CPU.ActiveCfg = Release|Any CPU
		{083C089C-4B12-4500-9218-3896DE549019}.Release|Any CPU.Build.0 = Release|Any CPU
		{DD65013F-B041-432C-A96C-6E551DF0FF38}.Debug|Any CPU.ActiveCfg = Debug|Any CPU
		{DD65013F-B041-432C-A96C-6E551DF0FF38}.Debug|Any CPU.Build.0 = Debug|Any CPU
		{DD65013F-B041-432C-A96C-6E551DF0FF38}.Release|Any CPU.ActiveCfg = Release|Any CPU
		{DD65013F-B041-432C-A96C-6E551DF0FF38}.Release|Any CPU.Build.0 = Release|Any CPU
		{A959C6AC-6BBA-407A-BB88-C9DECCBC8BD9}.Debug|Any CPU.ActiveCfg = Debug|Any CPU
		{A959C6AC-6BBA-407A-BB88-C9DECCBC8BD9}.Debug|Any CPU.Build.0 = Debug|Any CPU
		{A959C6AC-6BBA-407A-BB88-C9DECCBC8BD9}.Release|Any CPU.ActiveCfg = Release|Any CPU
		{A959C6AC-6BBA-407A-BB88-C9DECCBC8BD9}.Release|Any CPU.Build.0 = Release|Any CPU
		{A41D6973-9124-438C-84F6-8A45DE78408B}.Debug|Any CPU.ActiveCfg = Debug|Any CPU
		{A41D6973-9124-438C-84F6-8A45DE78408B}.Debug|Any CPU.Build.0 = Debug|Any CPU
		{A41D6973-9124-438C-84F6-8A45DE78408B}.Release|Any CPU.ActiveCfg = Release|Any CPU
		{A41D6973-9124-438C-84F6-8A45DE78408B}.Release|Any CPU.Build.0 = Release|Any CPU
		{E47D6458-53D9-4182-B799-75E9A1A28576}.Debug|Any CPU.ActiveCfg = Debug|Any CPU
		{E47D6458-53D9-4182-B799-75E9A1A28576}.Debug|Any CPU.Build.0 = Debug|Any CPU
		{E47D6458-53D9-4182-B799-75E9A1A28576}.Release|Any CPU.ActiveCfg = Release|Any CPU
		{E47D6458-53D9-4182-B799-75E9A1A28576}.Release|Any CPU.Build.0 = Release|Any CPU
		{2C4F897A-5134-485A-B719-592B2FFB216F}.Debug|Any CPU.ActiveCfg = Debug|Any CPU
		{2C4F897A-5134-485A-B719-592B2FFB216F}.Debug|Any CPU.Build.0 = Debug|Any CPU
		{2C4F897A-5134-485A-B719-592B2FFB216F}.Release|Any CPU.ActiveCfg = Release|Any CPU
		{2C4F897A-5134-485A-B719-592B2FFB216F}.Release|Any CPU.Build.0 = Release|Any CPU
		{268C60A9-D425-43A3-8DD1-C58201792E9E}.Debug|Any CPU.ActiveCfg = Debug|Any CPU
		{268C60A9-D425-43A3-8DD1-C58201792E9E}.Debug|Any CPU.Build.0 = Debug|Any CPU
		{268C60A9-D425-43A3-8DD1-C58201792E9E}.Release|Any CPU.ActiveCfg = Release|Any CPU
		{268C60A9-D425-43A3-8DD1-C58201792E9E}.Release|Any CPU.Build.0 = Release|Any CPU
		{75EFA064-884A-46AA-9823-8ACEC5482E55}.Debug|Any CPU.ActiveCfg = Debug|Any CPU
		{75EFA064-884A-46AA-9823-8ACEC5482E55}.Debug|Any CPU.Build.0 = Debug|Any CPU
		{75EFA064-884A-46AA-9823-8ACEC5482E55}.Release|Any CPU.ActiveCfg = Release|Any CPU
		{75EFA064-884A-46AA-9823-8ACEC5482E55}.Release|Any CPU.Build.0 = Release|Any CPU
		{1A7E3A59-68A1-403B-B1A9-3E623B53E460}.Debug|Any CPU.ActiveCfg = Debug|Any CPU
		{1A7E3A59-68A1-403B-B1A9-3E623B53E460}.Debug|Any CPU.Build.0 = Debug|Any CPU
		{1A7E3A59-68A1-403B-B1A9-3E623B53E460}.Release|Any CPU.ActiveCfg = Release|Any CPU
		{1A7E3A59-68A1-403B-B1A9-3E623B53E460}.Release|Any CPU.Build.0 = Release|Any CPU
		{435BE945-B4BB-4988-873A-0261F3AF4F06}.Debug|Any CPU.ActiveCfg = Debug|Any CPU
		{435BE945-B4BB-4988-873A-0261F3AF4F06}.Debug|Any CPU.Build.0 = Debug|Any CPU
		{435BE945-B4BB-4988-873A-0261F3AF4F06}.Release|Any CPU.ActiveCfg = Release|Any CPU
		{435BE945-B4BB-4988-873A-0261F3AF4F06}.Release|Any CPU.Build.0 = Release|Any CPU
	EndGlobalSection
	GlobalSection(SolutionProperties) = preSolution
		HideSolutionNode = FALSE
	EndGlobalSection
	GlobalSection(NestedProjects) = preSolution
		{E6CBC665-3488-4CF4-807B-2BE0B2529791} = {70D1D6D4-9514-467A-95E3-CEA1AA11A3E0}
		{E7165D53-598E-4989-8CB8-B719CA184D51} = {9F9CEE63-3A67-47F3-AD80-AC87895A75D4}
		{083C089C-4B12-4500-9218-3896DE549019} = {9F9CEE63-3A67-47F3-AD80-AC87895A75D4}
		{DD65013F-B041-432C-A96C-6E551DF0FF38} = {16005075-6B4F-4713-A5B4-AC51CAFAE646}
		{A959C6AC-6BBA-407A-BB88-C9DECCBC8BD9} = {381F5432-D22B-4ACB-8332-6E5CE7B07E2E}
		{A41D6973-9124-438C-84F6-8A45DE78408B} = {16005075-6B4F-4713-A5B4-AC51CAFAE646}
		{E47D6458-53D9-4182-B799-75E9A1A28576} = {484A3A55-4F3E-4E7B-BA3B-0F9D3BC75A19}
		{2C4F897A-5134-485A-B719-592B2FFB216F} = {484A3A55-4F3E-4E7B-BA3B-0F9D3BC75A19}
		{268C60A9-D425-43A3-8DD1-C58201792E9E} = {16005075-6B4F-4713-A5B4-AC51CAFAE646}
		{75EFA064-884A-46AA-9823-8ACEC5482E55} = {A2705EAD-817F-42C6-92D4-3C4141FFF51C}
		{1A7E3A59-68A1-403B-B1A9-3E623B53E460} = {33EFB123-ADE1-43BA-98E1-F72E857D3969}
		{16005075-6B4F-4713-A5B4-AC51CAFAE646} = {33EFB123-ADE1-43BA-98E1-F72E857D3969}
		{A2705EAD-817F-42C6-92D4-3C4141FFF51C} = {33EFB123-ADE1-43BA-98E1-F72E857D3969}
		{31620BC3-0836-48AB-92F3-1F93EE69332A} = {33EFB123-ADE1-43BA-98E1-F72E857D3969}
		{435BE945-B4BB-4988-873A-0261F3AF4F06} = {31620BC3-0836-48AB-92F3-1F93EE69332A}
	EndGlobalSection
	GlobalSection(ExtensibilityGlobals) = postSolution
		SolutionGuid = {C7BA389F-482B-4DB7-BC60-9887671CBB3E}
	EndGlobalSection
EndGlobal
